schema: '2.0'
stages:
  data_ingestion:
    cmd: python src/ChestCancerDetection/pipeline/stage_1_data_ingestion.py
    deps:
    - path: config/config.yaml
      hash: md5
      md5: dc9398ca6cafcc7925c64a2374d7abab
      size: 581
    - path: src/ChestCancerDetection/pipeline/stage_1_data_ingestion.py
      hash: md5
      md5: 3e5089152931ea0d92052c744fc92bae
      size: 927
    outs:
    - path: artifacts/data_ingestion/Data
      hash: md5
      md5: 6aa77fcdb7b1c7f226f5cfc103c94206.dir
      size: 64149498
      nfiles: 466
  prepare_base_model:
    cmd: python src/ChestCancerDetection/pipeline/stage_2_prepare_base_model.py
    deps:
    - path: config/config.yaml
      hash: md5
      md5: dc9398ca6cafcc7925c64a2374d7abab
      size: 581
    - path: src/ChestCancerDetection/pipeline/stage_2_prepare_base_model.py
      hash: md5
      md5: add27a2cf0b6cf3bd7cdab3d594e763a
      size: 1018
    params:
      params.yaml:
        CLASSES: 2
        IMAGE_SIZE:
        - 224
        - 224
        - 3
        INCLUDE_TOP: false
        LEARNING_RATE: 0.01
        WEIGHTS: imagenet
    outs:
    - path: artifacts/prepare_base_model
      hash: md5
      md5: 713d9140200decc587def5c32ecfa60f.dir
      size: 118073464
      nfiles: 2
  training:
    cmd: python src/ChestCancerDetection/pipeline/stage_3_train_model.py
    deps:
    - path: artifacts/data_ingestion/Data
      hash: md5
      md5: 6aa77fcdb7b1c7f226f5cfc103c94206.dir
      size: 64149498
      nfiles: 466
    - path: artifacts/prepare_base_model
      hash: md5
      md5: 713d9140200decc587def5c32ecfa60f.dir
      size: 118073464
      nfiles: 2
    - path: config/config.yaml
      hash: md5
      md5: dc9398ca6cafcc7925c64a2374d7abab
      size: 581
    - path: src/ChestCancerDetection/pipeline/stage_3_train_model.py
      hash: md5
      md5: 084854fd36f935196867cfc8796a895d
      size: 945
    params:
      params.yaml:
        AUGMENTATION: true
        BATCH_SIZE: 16
        EPOCHS: 100
        IMAGE_SIZE:
        - 224
        - 224
        - 3
    outs:
    - path: artifacts/training/model.h5
      hash: md5
      md5: 80d60971aae29cd1e1d93c8dc55abba5
      size: 59551208
  evaluation:
    cmd: python src/ChestCancerDetection/pipeline/stage_4_model_evaluation.py
    deps:
    - path: artifacts/data_ingestion/Data
      hash: md5
      md5: 6aa77fcdb7b1c7f226f5cfc103c94206.dir
      size: 64149498
      nfiles: 466
    - path: artifacts/training/model.h5
      hash: md5
      md5: 80d60971aae29cd1e1d93c8dc55abba5
      size: 59551208
    - path: config/config.yaml
      hash: md5
      md5: dc9398ca6cafcc7925c64a2374d7abab
      size: 581
    - path: src/ChestCancerDetection/pipeline/stage_4_model_evaluation.py
      hash: md5
      md5: 6599e6665f13c37a559e07cb0955f5e3
      size: 952
    params:
      params.yaml:
        BATCH_SIZE: 16
        IMAGE_SIZE:
        - 224
        - 224
        - 3
    outs:
    - path: scores.json
      hash: md5
      md5: 44467178b47334a096a31c9717d6cc1b
      size: 75
